
Microsoft Visual Studio Solution File, Format Version 12.00
# Visual Studio 15
VisualStudioVersion = 15.0.27703.2042
MinimumVisualStudioVersion = 10.0.40219.1
Project("{FAE04EC0-301F-11D3-BF4B-00C04F79EFBC}") = "SocialMediasAssistant", "SocialMediasAssistant\SocialMediasAssistant.csproj", "{DB7CC5B7-4A7D-4359-A971-730484C2D8DE}"
EndProject
Global
	GlobalSection(SolutionConfigurationPlatforms) = preSolution
		Debug|Any CPU = Debug|Any CPU
		Release|Any CPU = Release|Any CPU
	EndGlobalSection
	GlobalSection(ProjectConfigurationPlatforms) = postSolution
		{DB7CC5B7-4A7D-4359-A971-730484C2D8DE}.Debug|Any CPU.ActiveCfg = Debug|Any CPU
		{DB7CC5B7-4A7D-4359-A971-730484C2D8DE}.Debug|Any CPU.Build.0 = Debug|Any CPU
		{DB7CC5B7-4A7D-4359-A971-730484C2D8DE}.Release|Any CPU.ActiveCfg = Release|Any CPU
		{DB7CC5B7-4A7D-4359-A971-730484C2D8DE}.Release|Any CPU.Build.0 = Release|Any CPU
	EndGlobalSection
	GlobalSection(SolutionProperties) = preSolution
		HideSolutionNode = FALSE
	EndGlobalSection
	GlobalSection(ExtensibilityGlobals) = postSolution
		SolutionGuid = {8CDE2DBD-64CC-441A-A07A-3D2E4E319BEE}
	EndGlobalSection
EndGlobal
